
Microsoft Visual Studio Solution File, Format Version 12.00
# Visual Studio 14
VisualStudioVersion = 14.0.25420.1
MinimumVisualStudioVersion = 10.0.40219.1
Project("{FAE04EC0-301F-11D3-BF4B-00C04F79EFBC}") = "WEBSoLienLacDienTu", "WEBSoLienLacDienTu\WEBSoLienLacDienTu.csproj", "{7377E47A-C74C-4407-8019-96E8B5F0AFD3}"
EndProject
Project("{FAE04EC0-301F-11D3-BF4B-00C04F79EFBC}") = "DTO", "..\AppQuanLyNhaTruong\DTO\DTO.csproj", "{E863FFE3-2699-4F24-8DE4-5CAB7459E635}"
EndProject
Project("{FAE04EC0-301F-11D3-BF4B-00C04F79EFBC}") = "DAL", "..\AppQuanLyNhaTruong\DAL\DAL.csproj", "{2EE0178C-A4EB-4D72-AE7A-2BFE64585156}"
EndProject
Project("{FAE04EC0-301F-11D3-BF4B-00C04F79EFBC}") = "BAL", "..\AppQuanLyNhaTruong\BAL\BAL.csproj", "{C0032786-F375-43E9-9F44-212949D26EF2}"
EndProject
Project("{2150E333-8FDC-42A3-9474-1A3956D46DE8}") = "DB", "DB", "{6126CDDE-8EDC-4B46-853C-7CF557662FED}"
EndProject
Global
	GlobalSection(SolutionConfigurationPlatforms) = preSolution
		Debug|Any CPU = Debug|Any CPU
		Release|Any CPU = Release|Any CPU
	EndGlobalSection
	GlobalSection(ProjectConfigurationPlatforms) = postSolution
		{7377E47A-C74C-4407-8019-96E8B5F0AFD3}.Debug|Any CPU.ActiveCfg = Debug|Any CPU
		{7377E47A-C74C-4407-8019-96E8B5F0AFD3}.Debug|Any CPU.Build.0 = Debug|Any CPU
		{7377E47A-C74C-4407-8019-96E8B5F0AFD3}.Release|Any CPU.ActiveCfg = Release|Any CPU
		{7377E47A-C74C-4407-8019-96E8B5F0AFD3}.Release|Any CPU.Build.0 = Release|Any CPU
		{E863FFE3-2699-4F24-8DE4-5CAB7459E635}.Debug|Any CPU.ActiveCfg = Debug|Any CPU
		{E863FFE3-2699-4F24-8DE4-5CAB7459E635}.Debug|Any CPU.Build.0 = Debug|Any CPU
		{E863FFE3-2699-4F24-8DE4-5CAB7459E635}.Release|Any CPU.ActiveCfg = Release|Any CPU
		{E863FFE3-2699-4F24-8DE4-5CAB7459E635}.Release|Any CPU.Build.0 = Release|Any CPU
		{2EE0178C-A4EB-4D72-AE7A-2BFE64585156}.Debug|Any CPU.ActiveCfg = Debug|Any CPU
		{2EE0178C-A4EB-4D72-AE7A-2BFE64585156}.Debug|Any CPU.Build.0 = Debug|Any CPU
		{2EE0178C-A4EB-4D72-AE7A-2BFE64585156}.Release|Any CPU.ActiveCfg = Release|Any CPU
		{2EE0178C-A4EB-4D72-AE7A-2BFE64585156}.Release|Any CPU.Build.0 = Release|Any CPU
		{C0032786-F375-43E9-9F44-212949D26EF2}.Debug|Any CPU.ActiveCfg = Debug|Any CPU
		{C0032786-F375-43E9-9F44-212949D26EF2}.Debug|Any CPU.Build.0 = Debug|Any CPU
		{C0032786-F375-43E9-9F44-212949D26EF2}.Release|Any CPU.ActiveCfg = Release|Any CPU
		{C0032786-F375-43E9-9F44-212949D26EF2}.Release|Any CPU.Build.0 = Release|Any CPU
	EndGlobalSection
	GlobalSection(SolutionProperties) = preSolution
		HideSolutionNode = FALSE
	EndGlobalSection
	GlobalSection(NestedProjects) = preSolution
		{E863FFE3-2699-4F24-8DE4-5CAB7459E635} = {6126CDDE-8EDC-4B46-853C-7CF557662FED}
		{2EE0178C-A4EB-4D72-AE7A-2BFE64585156} = {6126CDDE-8EDC-4B46-853C-7CF557662FED}
		{C0032786-F375-43E9-9F44-212949D26EF2} = {6126CDDE-8EDC-4B46-853C-7CF557662FED}
	EndGlobalSection
	GlobalSection(ExtensibilityGlobals) = postSolution
		SolutionGuid = {1967CD7D-9F09-405C-A54A-0D1D282D452C}
	EndGlobalSection
EndGlobal
